
Microsoft Visual Studio Solution File, Format Version 12.00
# Visual Studio 15
VisualStudioVersion = 15.0.27428.2043
MinimumVisualStudioVersion = 10.0.40219.1
Project("{FAE04EC0-301F-11D3-BF4B-00C04F79EFBC}") = "Harmonogram", "Harmonogram\Harmonogram.csproj", "{8CF99953-D95B-494E-AFE8-993F74B859FE}"
EndProject
Global
	GlobalSection(SolutionConfigurationPlatforms) = preSolution
		Debug|Any CPU = Debug|Any CPU
		Release|Any CPU = Release|Any CPU
	EndGlobalSection
	GlobalSection(ProjectConfigurationPlatforms) = postSolution
		{8CF99953-D95B-494E-AFE8-993F74B859FE}.Debug|Any CPU.ActiveCfg = Debug|Any CPU
		{8CF99953-D95B-494E-AFE8-993F74B859FE}.Debug|Any CPU.Build.0 = Debug|Any CPU
		{8CF99953-D95B-494E-AFE8-993F74B859FE}.Release|Any CPU.ActiveCfg = Release|Any CPU
		{8CF99953-D95B-494E-AFE8-993F74B859FE}.Release|Any CPU.Build.0 = Release|Any CPU
	EndGlobalSection
	GlobalSection(SolutionProperties) = preSolution
		HideSolutionNode = FALSE
	EndGlobalSection
	GlobalSection(ExtensibilityGlobals) = postSolution
		SolutionGuid = {1EB480B9-ECA9-473A-A185-AF1F6593CD6E}
	EndGlobalSection
EndGlobal
